
Microsoft Visual Studio Solution File, Format Version 12.00
# Visual Studio Version 16
VisualStudioVersion = 25.0.1704.4
MinimumVisualStudioVersion = 10.0.40219.1
Project("{FAE04EC0-301F-11D3-BF4B-00C04F79EFBC}") = "ApiTestFramework", "ApiTestFramework\ApiTestFramework.csproj", "{83006420-0E3A-4753-B865-1EFBEB077DF0}"
EndProject
Project("{2150E333-8FDC-42A3-9474-1A3956D46DE8}") = "Solution Items", "Solution Items", "{16FB8C65-0AF6-41A4-AB5B-257E5CF99673}"
	ProjectSection(SolutionItems) = preProject
		ApiTestFramework.sln = ApiTestFramework.sln
	EndProjectSection
EndProject
Global
	GlobalSection(SolutionConfigurationPlatforms) = preSolution
		Debug|Any CPU = Debug|Any CPU
		Release|Any CPU = Release|Any CPU
	EndGlobalSection
	GlobalSection(ProjectConfigurationPlatforms) = postSolution
		{83006420-0E3A-4753-B865-1EFBEB077DF0}.Debug|Any CPU.ActiveCfg = Debug|Any CPU
		{83006420-0E3A-4753-B865-1EFBEB077DF0}.Debug|Any CPU.Build.0 = Debug|Any CPU
		{83006420-0E3A-4753-B865-1EFBEB077DF0}.Release|Any CPU.ActiveCfg = Release|Any CPU
		{83006420-0E3A-4753-B865-1EFBEB077DF0}.Release|Any CPU.Build.0 = Release|Any CPU
	EndGlobalSection
	GlobalSection(SolutionProperties) = preSolution
		HideSolutionNode = FALSE
	EndGlobalSection
	GlobalSection(ExtensibilityGlobals) = postSolution
		SolutionGuid = {96A2006F-71C5-4903-B175-4E00F1A6FAD0}
	EndGlobalSection
EndGlobal
